
Microsoft Visual Studio Solution File, Format Version 12.00
# Visual Studio Version 17
VisualStudioVersion = 17.8.34330.188
MinimumVisualStudioVersion = 10.0.40219.1
Project("{FAE04EC0-301F-11D3-BF4B-00C04F79EFBC}") = "assignment3_program1", "assignment3_program1\assignment3_program1.csproj", "{71854466-0E1E-4891-A500-0CA92CCBBAF7}"
EndProject
Global
	GlobalSection(SolutionConfigurationPlatforms) = preSolution
		Debug|Any CPU = Debug|Any CPU
		Release|Any CPU = Release|Any CPU
	EndGlobalSection
	GlobalSection(ProjectConfigurationPlatforms) = postSolution
		{71854466-0E1E-4891-A500-0CA92CCBBAF7}.Debug|Any CPU.ActiveCfg = Debug|Any CPU
		{71854466-0E1E-4891-A500-0CA92CCBBAF7}.Debug|Any CPU.Build.0 = Debug|Any CPU
		{71854466-0E1E-4891-A500-0CA92CCBBAF7}.Release|Any CPU.ActiveCfg = Release|Any CPU
		{71854466-0E1E-4891-A500-0CA92CCBBAF7}.Release|Any CPU.Build.0 = Release|Any CPU
	EndGlobalSection
	GlobalSection(SolutionProperties) = preSolution
		HideSolutionNode = FALSE
	EndGlobalSection
	GlobalSection(ExtensibilityGlobals) = postSolution
		SolutionGuid = {EF038EC7-77B2-4B82-AFD7-E8368443D29E}
	EndGlobalSection
EndGlobal
